
Microsoft Visual Studio Solution File, Format Version 12.00
# Visual Studio Version 16
VisualStudioVersion = 16.0.29215.179
MinimumVisualStudioVersion = 10.0.40219.1
Project("{FAE04EC0-301F-11D3-BF4B-00C04F79EFBC}") = "HNProject", "HNProject\HNProject.csproj", "{0FC6A9E9-8547-4EF7-8663-B42BEF35AF0E}"
EndProject
Global
	GlobalSection(SolutionConfigurationPlatforms) = preSolution
		Debug|Any CPU = Debug|Any CPU
		Release|Any CPU = Release|Any CPU
	EndGlobalSection
	GlobalSection(ProjectConfigurationPlatforms) = postSolution
		{0FC6A9E9-8547-4EF7-8663-B42BEF35AF0E}.Debug|Any CPU.ActiveCfg = Debug|Any CPU
		{0FC6A9E9-8547-4EF7-8663-B42BEF35AF0E}.Debug|Any CPU.Build.0 = Debug|Any CPU
		{0FC6A9E9-8547-4EF7-8663-B42BEF35AF0E}.Release|Any CPU.ActiveCfg = Release|Any CPU
		{0FC6A9E9-8547-4EF7-8663-B42BEF35AF0E}.Release|Any CPU.Build.0 = Release|Any CPU
	EndGlobalSection
	GlobalSection(SolutionProperties) = preSolution
		HideSolutionNode = FALSE
	EndGlobalSection
	GlobalSection(ExtensibilityGlobals) = postSolution
		SolutionGuid = {D22413BC-AE26-467E-9AB2-2C940A56A584}
	EndGlobalSection
EndGlobal
